
Microsoft Visual Studio Solution File, Format Version 12.00
# Visual Studio Version 16
VisualStudioVersion = 16.0.30330.147
MinimumVisualStudioVersion = 10.0.40219.1
Project("{FAE04EC0-301F-11D3-BF4B-00C04F79EFBC}") = "Empty.Android", "Empty\Empty.Android\Empty.Android.csproj", "{0963D3A4-21AF-4C7B-88BE-62628A6F2285}"
EndProject
Project("{FAE04EC0-301F-11D3-BF4B-00C04F79EFBC}") = "Empty", "Empty\Empty\Empty.csproj", "{3B0EA51D-2955-45D4-AE6E-F43D1AB44243}"
EndProject
Global
	GlobalSection(SolutionConfigurationPlatforms) = preSolution
		Debug|Any CPU = Debug|Any CPU
		Release|Any CPU = Release|Any CPU
	EndGlobalSection
	GlobalSection(ProjectConfigurationPlatforms) = postSolution
		{0963D3A4-21AF-4C7B-88BE-62628A6F2285}.Debug|Any CPU.ActiveCfg = Debug|Any CPU
		{0963D3A4-21AF-4C7B-88BE-62628A6F2285}.Debug|Any CPU.Build.0 = Debug|Any CPU
		{0963D3A4-21AF-4C7B-88BE-62628A6F2285}.Debug|Any CPU.Deploy.0 = Debug|Any CPU
		{0963D3A4-21AF-4C7B-88BE-62628A6F2285}.Release|Any CPU.ActiveCfg = Release|Any CPU
		{0963D3A4-21AF-4C7B-88BE-62628A6F2285}.Release|Any CPU.Build.0 = Release|Any CPU
		{0963D3A4-21AF-4C7B-88BE-62628A6F2285}.Release|Any CPU.Deploy.0 = Release|Any CPU
		{3B0EA51D-2955-45D4-AE6E-F43D1AB44243}.Debug|Any CPU.ActiveCfg = Debug|Any CPU
		{3B0EA51D-2955-45D4-AE6E-F43D1AB44243}.Debug|Any CPU.Build.0 = Debug|Any CPU
		{3B0EA51D-2955-45D4-AE6E-F43D1AB44243}.Debug|Any CPU.Deploy.0 = Debug|Any CPU
		{3B0EA51D-2955-45D4-AE6E-F43D1AB44243}.Release|Any CPU.ActiveCfg = Release|Any CPU
		{3B0EA51D-2955-45D4-AE6E-F43D1AB44243}.Release|Any CPU.Build.0 = Release|Any CPU
		{3B0EA51D-2955-45D4-AE6E-F43D1AB44243}.Release|Any CPU.Deploy.0 = Release|Any CPU
	EndGlobalSection
	GlobalSection(SolutionProperties) = preSolution
		HideSolutionNode = FALSE
	EndGlobalSection
	GlobalSection(ExtensibilityGlobals) = postSolution
		SolutionGuid = {AE90DB52-AA5B-484B-AC58-39B870C3C53E}
	EndGlobalSection
EndGlobal
